
Microsoft Visual Studio Solution File, Format Version 12.00
# Visual Studio Version 17
VisualStudioVersion = 17.0.31912.275
MinimumVisualStudioVersion = 10.0.40219.1
Project("{FAE04EC0-301F-11D3-BF4B-00C04F79EFBC}") = "TrackerLibrary", "TrackerLibrary\TrackerLibrary.csproj", "{2D8C0DAC-F863-4B3C-B4C4-33CC4F3B5242}"
EndProject
Project("{FAE04EC0-301F-11D3-BF4B-00C04F79EFBC}") = "TrackerUI", "TrackerUI\TrackerUI.csproj", "{BF39A512-453C-49EA-825C-F0B65074ED88}"
EndProject
Global
	GlobalSection(SolutionConfigurationPlatforms) = preSolution
		Debug|Any CPU = Debug|Any CPU
		Release|Any CPU = Release|Any CPU
	EndGlobalSection
	GlobalSection(ProjectConfigurationPlatforms) = postSolution
		{2D8C0DAC-F863-4B3C-B4C4-33CC4F3B5242}.Debug|Any CPU.ActiveCfg = Debug|Any CPU
		{2D8C0DAC-F863-4B3C-B4C4-33CC4F3B5242}.Debug|Any CPU.Build.0 = Debug|Any CPU
		{2D8C0DAC-F863-4B3C-B4C4-33CC4F3B5242}.Release|Any CPU.ActiveCfg = Release|Any CPU
		{2D8C0DAC-F863-4B3C-B4C4-33CC4F3B5242}.Release|Any CPU.Build.0 = Release|Any CPU
		{BF39A512-453C-49EA-825C-F0B65074ED88}.Debug|Any CPU.ActiveCfg = Debug|Any CPU
		{BF39A512-453C-49EA-825C-F0B65074ED88}.Debug|Any CPU.Build.0 = Debug|Any CPU
		{BF39A512-453C-49EA-825C-F0B65074ED88}.Release|Any CPU.ActiveCfg = Release|Any CPU
		{BF39A512-453C-49EA-825C-F0B65074ED88}.Release|Any CPU.Build.0 = Release|Any CPU
	EndGlobalSection
	GlobalSection(SolutionProperties) = preSolution
		HideSolutionNode = FALSE
	EndGlobalSection
	GlobalSection(ExtensibilityGlobals) = postSolution
		SolutionGuid = {0C63AD4E-8364-4F20-918F-EAE556100C8D}
	EndGlobalSection
EndGlobal
